
Microsoft Visual Studio Solution File, Format Version 12.00
# Visual Studio 15
Project("{FAE04EC0-301F-11D3-BF4B-00C04F79EFBC}") = "Assembly-CSharp", "Assembly-CSharp.csproj", "{19DC647B-0026-73FD-35B8-4B52A3F02477}"
EndProject
Global
	GlobalSection(SolutionConfigurationPlatforms) = preSolution
		Debug|Any CPU = Debug|Any CPU
		Release|Any CPU = Release|Any CPU
	EndGlobalSection
	GlobalSection(ProjectConfigurationPlatforms) = postSolution
		{19DC647B-0026-73FD-35B8-4B52A3F02477}.Debug|Any CPU.ActiveCfg = Debug|Any CPU
		{19DC647B-0026-73FD-35B8-4B52A3F02477}.Debug|Any CPU.Build.0 = Debug|Any CPU
		{19DC647B-0026-73FD-35B8-4B52A3F02477}.Release|Any CPU.ActiveCfg = Release|Any CPU
		{19DC647B-0026-73FD-35B8-4B52A3F02477}.Release|Any CPU.Build.0 = Release|Any CPU
	EndGlobalSection
	GlobalSection(SolutionProperties) = preSolution
		HideSolutionNode = FALSE
	EndGlobalSection
EndGlobal
